
Microsoft Visual Studio Solution File, Format Version 12.00
# Visual Studio Version 16
VisualStudioVersion = 16.0.30204.135
MinimumVisualStudioVersion = 10.0.40219.1
Project("{FAE04EC0-301F-11D3-BF4B-00C04F79EFBC}") = "ValorantStatTracker", "ValorantStatTracker\ValorantStatTracker.csproj", "{47EBB0AE-4E93-41D9-A6AC-D970427DF851}"
EndProject
Global
	GlobalSection(SolutionConfigurationPlatforms) = preSolution
		Debug|Any CPU = Debug|Any CPU
		Release|Any CPU = Release|Any CPU
	EndGlobalSection
	GlobalSection(ProjectConfigurationPlatforms) = postSolution
		{47EBB0AE-4E93-41D9-A6AC-D970427DF851}.Debug|Any CPU.ActiveCfg = Debug|Any CPU
		{47EBB0AE-4E93-41D9-A6AC-D970427DF851}.Debug|Any CPU.Build.0 = Debug|Any CPU
		{47EBB0AE-4E93-41D9-A6AC-D970427DF851}.Release|Any CPU.ActiveCfg = Release|Any CPU
		{47EBB0AE-4E93-41D9-A6AC-D970427DF851}.Release|Any CPU.Build.0 = Release|Any CPU
	EndGlobalSection
	GlobalSection(SolutionProperties) = preSolution
		HideSolutionNode = FALSE
	EndGlobalSection
	GlobalSection(ExtensibilityGlobals) = postSolution
		SolutionGuid = {F3DDA81E-685F-4C3B-B928-32760C7A890A}
	EndGlobalSection
EndGlobal
